
Microsoft Visual Studio Solution File, Format Version 12.00
# Visual Studio Version 17
VisualStudioVersion = 17.5.002.0
MinimumVisualStudioVersion = 10.0.40219.1
Project("{9A19103F-16F7-4668-BE54-9A1E7A4F7556}") = "Backend", "Backend.csproj", "{BA060D6E-A399-4DE2-A30F-27ED2DB5AD05}"
EndProject
Global
	GlobalSection(SolutionConfigurationPlatforms) = preSolution
		Debug|Any CPU = Debug|Any CPU
		Release|Any CPU = Release|Any CPU
	EndGlobalSection
	GlobalSection(ProjectConfigurationPlatforms) = postSolution
		{BA060D6E-A399-4DE2-A30F-27ED2DB5AD05}.Debug|Any CPU.ActiveCfg = Debug|Any CPU
		{BA060D6E-A399-4DE2-A30F-27ED2DB5AD05}.Debug|Any CPU.Build.0 = Debug|Any CPU
		{BA060D6E-A399-4DE2-A30F-27ED2DB5AD05}.Release|Any CPU.ActiveCfg = Release|Any CPU
		{BA060D6E-A399-4DE2-A30F-27ED2DB5AD05}.Release|Any CPU.Build.0 = Release|Any CPU
	EndGlobalSection
	GlobalSection(SolutionProperties) = preSolution
		HideSolutionNode = FALSE
	EndGlobalSection
	GlobalSection(ExtensibilityGlobals) = postSolution
		SolutionGuid = {32D86D3C-B4CE-4DB1-8FBF-3F21D6F51B1C}
	EndGlobalSection
EndGlobal
